// !$*UTF8*$!
{
	archiveVersion = 1;
	classes = {
	};
	objectVersion = 46;
	objects = {

/* Begin PBXBuildFile section */
		D257E263134F675A000F2C16 /* Foundation.framework in Frameworks */ = {isa = PBXBuildFile; fileRef = D257E262134F675A000F2C16 /* Foundation.framework */; };
		D257E26B134F675A000F2C16 /* InfoPlist.strings in Resources */ = {isa = PBXBuildFile; fileRef = D257E269134F675A000F2C16 /* InfoPlist.strings */; };
		D257E26E134F675A000F2C16 /* DrawingTests.h in Resources */ = {isa = PBXBuildFile; fileRef = D257E26D134F675A000F2C16 /* DrawingTests.h */; };
		D257E270134F675A000F2C16 /* DrawingTests.m in Sources */ = {isa = PBXBuildFile; fileRef = D257E26F134F675A000F2C16 /* DrawingTests.m */; };
		D257E275134F67F1000F2C16 /* CoreGraphics.framework in Frameworks */ = {isa = PBXBuildFile; fileRef = D257E274134F67F1000F2C16 /* CoreGraphics.framework */; };
		D257E277134F67FE000F2C16 /* UIKit.framework in Frameworks */ = {isa = PBXBuildFile; fileRef = D257E276134F67FE000F2C16 /* UIKit.framework */; };
		D257E289134F690E000F2C16 /* NSString+LKStructUtils.m in Sources */ = {isa = PBXBuildFile; fileRef = D257E283134F690E000F2C16 /* NSString+LKStructUtils.m */; };
		D257E28A134F690E000F2C16 /* UITableView+LKCategory.m in Sources */ = {isa = PBXBuildFile; fileRef = D257E285134F690E000F2C16 /* UITableView+LKCategory.m */; };
		D257E28B134F690E000F2C16 /* LKCGDrawing.m in Sources */ = {isa = PBXBuildFile; fileRef = D257E288134F690E000F2C16 /* LKCGDrawing.m */; };
		D257E28F134F6A0D000F2C16 /* lk-warnings.xcconfig in Resources */ = {isa = PBXBuildFile; fileRef = D257E28E134F6A0D000F2C16 /* lk-warnings.xcconfig */; };
		D257E295134F72F7000F2C16 /* LKCoreDataTestCase.m in Sources */ = {isa = PBXBuildFile; fileRef = D257E294134F72F7000F2C16 /* LKCoreDataTestCase.m */; };
		D257E298134F7715000F2C16 /* CoreData.framework in Frameworks */ = {isa = PBXBuildFile; fileRef = D257E297134F7715000F2C16 /* CoreData.framework */; };
		D257E2A213507D0B000F2C16 /* NSDate+LKHelpers.m in Sources */ = {isa = PBXBuildFile; fileRef = D257E2A113507D0B000F2C16 /* NSDate+LKHelpers.m */; };
		D257E2A513507DCE000F2C16 /* DateTests.m in Sources */ = {isa = PBXBuildFile; fileRef = D257E2A413507DCE000F2C16 /* DateTests.m */; };
		D264350A13531408006C7A08 /* NSLocale+LKHelpers.m in Sources */ = {isa = PBXBuildFile; fileRef = D264350913531408006C7A08 /* NSLocale+LKHelpers.m */; };
		D264351113533D3C006C7A08 /* NSString+LKHelper.m in Sources */ = {isa = PBXBuildFile; fileRef = D264351013533D3C006C7A08 /* NSString+LKHelper.m */; };
		D264351413534A56006C7A08 /* OrdinalMappings.plist in Resources */ = {isa = PBXBuildFile; fileRef = D264351613534A56006C7A08 /* OrdinalMappings.plist */; };
		D264351A13534BFF006C7A08 /* StringTests.m in Sources */ = {isa = PBXBuildFile; fileRef = D264351913534BFF006C7A08 /* StringTests.m */; };
		D26436361354B45A006C7A08 /* UIKit.framework in Frameworks */ = {isa = PBXBuildFile; fileRef = D257E276134F67FE000F2C16 /* UIKit.framework */; };
		D26436371354B45A006C7A08 /* Foundation.framework in Frameworks */ = {isa = PBXBuildFile; fileRef = D257E262134F675A000F2C16 /* Foundation.framework */; };
		D26436381354B45A006C7A08 /* CoreGraphics.framework in Frameworks */ = {isa = PBXBuildFile; fileRef = D257E274134F67F1000F2C16 /* CoreGraphics.framework */; };
		D264363E1354B45A006C7A08 /* InfoPlist.strings in Resources */ = {isa = PBXBuildFile; fileRef = D264363C1354B45A006C7A08 /* InfoPlist.strings */; };
		D26436551354B4DE006C7A08 /* GHUnitiOSMain.m in Sources */ = {isa = PBXBuildFile; fileRef = D26436541354B4DE006C7A08 /* GHUnitiOSMain.m */; };
		D264365A1354B63E006C7A08 /* CoreData.framework in Frameworks */ = {isa = PBXBuildFile; fileRef = D26436591354B63E006C7A08 /* CoreData.framework */; };
		D264365B1354B654006C7A08 /* NSDate+LKHelpers.m in Sources */ = {isa = PBXBuildFile; fileRef = D257E2A113507D0B000F2C16 /* NSDate+LKHelpers.m */; };
		D264365C1354B658006C7A08 /* DateTests.m in Sources */ = {isa = PBXBuildFile; fileRef = D257E2A413507DCE000F2C16 /* DateTests.m */; };
		D264365D1354B7B3006C7A08 /* NSString+LKHelper.m in Sources */ = {isa = PBXBuildFile; fileRef = D264351013533D3C006C7A08 /* NSString+LKHelper.m */; };
		D264365E1354B7B3006C7A08 /* NSLocale+LKHelpers.m in Sources */ = {isa = PBXBuildFile; fileRef = D264350913531408006C7A08 /* NSLocale+LKHelpers.m */; };
		D264365F1354B7B8006C7A08 /* OrdinalMappings.plist in Resources */ = {isa = PBXBuildFile; fileRef = D264351613534A56006C7A08 /* OrdinalMappings.plist */; };
		D26436601354B7CD006C7A08 /* DrawingTests.m in Sources */ = {isa = PBXBuildFile; fileRef = D257E26F134F675A000F2C16 /* DrawingTests.m */; };
		D26436611354B7CD006C7A08 /* StringTests.m in Sources */ = {isa = PBXBuildFile; fileRef = D264351913534BFF006C7A08 /* StringTests.m */; };
		D26436621354B852006C7A08 /* LKCGDrawing.m in Sources */ = {isa = PBXBuildFile; fileRef = D257E288134F690E000F2C16 /* LKCGDrawing.m */; };
		D2730FED142A1F0300EB5CB7 /* LKCGStructs.m in Sources */ = {isa = PBXBuildFile; fileRef = D2730FEC142A1F0300EB5CB7 /* LKCGStructs.m */; };
		D2B5FBBE13D5B64400630112 /* LKLogHelper.m in Sources */ = {isa = PBXBuildFile; fileRef = D2B5FBBD13D5B64400630112 /* LKLogHelper.m */; };
		D2B5FBBF13D5B64400630112 /* LKLogHelper.m in Sources */ = {isa = PBXBuildFile; fileRef = D2B5FBBD13D5B64400630112 /* LKLogHelper.m */; };
		D2B5FBC313D5C0D700630112 /* LKLogHelperTestCase.m in Sources */ = {isa = PBXBuildFile; fileRef = D2B5FBC213D5C0D700630112 /* LKLogHelperTestCase.m */; };
		D2B5FC8A13D88E1000630112 /* NSObject+LKObject.m in Sources */ = {isa = PBXBuildFile; fileRef = D2B5FC8913D88E1000630112 /* NSObject+LKObject.m */; };
		D2C9AE6F13A02FBC00CD9998 /* DOMNode+LKHelpers.m in Sources */ = {isa = PBXBuildFile; fileRef = D2C9AE6E13A02FBC00CD9998 /* DOMNode+LKHelpers.m */; };
		D2D1E6C41430792E002FF1B1 /* LKError.m in Sources */ = {isa = PBXBuildFile; fileRef = D2D1E6C31430792E002FF1B1 /* LKError.m */; };
		D2D1E6C51430792E002FF1B1 /* LKError.m in Sources */ = {isa = PBXBuildFile; fileRef = D2D1E6C31430792E002FF1B1 /* LKError.m */; };
		D2D1E6CD1431303D002FF1B1 /* StringTests.m in Sources */ = {isa = PBXBuildFile; fileRef = D264351913534BFF006C7A08 /* StringTests.m */; };
		D2D1E6CE1431304B002FF1B1 /* DateTests.m in Sources */ = {isa = PBXBuildFile; fileRef = D257E2A413507DCE000F2C16 /* DateTests.m */; };
		D2D1E6CF14313070002FF1B1 /* DrawingTests.m in Sources */ = {isa = PBXBuildFile; fileRef = D257E26F134F675A000F2C16 /* DrawingTests.m */; };
		D2D1E6D01431310B002FF1B1 /* LKCGStructs.m in Sources */ = {isa = PBXBuildFile; fileRef = D2730FEC142A1F0300EB5CB7 /* LKCGStructs.m */; };
		D2D1E6D114313118002FF1B1 /* NSString+LKHelper.m in Sources */ = {isa = PBXBuildFile; fileRef = D264351013533D3C006C7A08 /* NSString+LKHelper.m */; };
		D2D1E6D214313151002FF1B1 /* NSDate+LKHelpers.m in Sources */ = {isa = PBXBuildFile; fileRef = D257E2A113507D0B000F2C16 /* NSDate+LKHelpers.m */; };
		D2D1E6D31431315F002FF1B1 /* NSLocale+LKHelpers.m in Sources */ = {isa = PBXBuildFile; fileRef = D264350913531408006C7A08 /* NSLocale+LKHelpers.m */; };
		D2D1E6D5143132E7002FF1B1 /* OrdinalMappings.plist in Resources */ = {isa = PBXBuildFile; fileRef = D264351613534A56006C7A08 /* OrdinalMappings.plist */; };
		D2DC0F301428A548005D2F90 /* README.markdown in Resources */ = {isa = PBXBuildFile; fileRef = D2DC0F2F1428A548005D2F90 /* README.markdown */; };
		D2DC0F7A1428B1D6005D2F90 /* Cocoa.framework in Frameworks */ = {isa = PBXBuildFile; fileRef = D2DC0F3C1428AF1E005D2F90 /* Cocoa.framework */; };
		D2DC0F801428B1D6005D2F90 /* InfoPlist.strings in Resources */ = {isa = PBXBuildFile; fileRef = D2DC0F7E1428B1D6005D2F90 /* InfoPlist.strings */; };
		D2DC0F821428B1D6005D2F90 /* main.m in Sources */ = {isa = PBXBuildFile; fileRef = D2DC0F811428B1D6005D2F90 /* main.m */; };
		D2DC0F861428B1D6005D2F90 /* Credits.rtf in Resources */ = {isa = PBXBuildFile; fileRef = D2DC0F841428B1D6005D2F90 /* Credits.rtf */; };
		D2DC0F891428B1D6005D2F90 /* MacRunnerAppDelegate.m in Sources */ = {isa = PBXBuildFile; fileRef = D2DC0F881428B1D6005D2F90 /* MacRunnerAppDelegate.m */; };
		D2DC0F8C1428B1D6005D2F90 /* MainMenu.xib in Resources */ = {isa = PBXBuildFile; fileRef = D2DC0F8A1428B1D6005D2F90 /* MainMenu.xib */; };
		D2DC0F931428B1D6005D2F90 /* SenTestingKit.framework in Frameworks */ = {isa = PBXBuildFile; fileRef = D2DC0F5A1428AF1F005D2F90 /* SenTestingKit.framework */; };
		D2DC0F941428B1D6005D2F90 /* Cocoa.framework in Frameworks */ = {isa = PBXBuildFile; fileRef = D2DC0F3C1428AF1E005D2F90 /* Cocoa.framework */; };
		D2DC0F9C1428B1D6005D2F90 /* InfoPlist.strings in Resources */ = {isa = PBXBuildFile; fileRef = D2DC0F9A1428B1D6005D2F90 /* InfoPlist.strings */; };
		D2DC0FA71428B24A005D2F90 /* LKLogHelperTestCase.m in Sources */ = {isa = PBXBuildFile; fileRef = D2B5FBC213D5C0D700630112 /* LKLogHelperTestCase.m */; };
		D2DC0FA81428B251005D2F90 /* LKLogHelper.m in Sources */ = {isa = PBXBuildFile; fileRef = D2B5FBBD13D5B64400630112 /* LKLogHelper.m */; };
		D2F71D1413AFEB0700082BC9 /* GHUnitIOS.framework in Frameworks */ = {isa = PBXBuildFile; fileRef = D2F71D1313AFEB0700082BC9 /* GHUnitIOS.framework */; };
/* End PBXBuildFile section */

/* Begin PBXContainerItemProxy section */
		D2DC0FAF1428B573005D2F90 /* PBXContainerItemProxy */ = {
			isa = PBXContainerItemProxy;
			containerPortal = D257E24D134F66E8000F2C16 /* Project object */;
			proxyType = 1;
			remoteGlobalIDString = D2DC0F771428B1D6005D2F90;
			remoteInfo = MacKit;
		};
/* End PBXContainerItemProxy section */

/* Begin PBXFileReference section */
		D257E25D134F675A000F2C16 /* KitTests.octest */ = {isa = PBXFileReference; explicitFileType = wrapper.cfbundle; includeInIndex = 0; path = KitTests.octest; sourceTree = BUILT_PRODUCTS_DIR; };
		D257E262134F675A000F2C16 /* Foundation.framework */ = {isa = PBXFileReference; lastKnownFileType = wrapper.framework; name = Foundation.framework; path = System/Library/Frameworks/Foundation.framework; sourceTree = SDKROOT; };
		D257E268134F675A000F2C16 /* KitTests-Info.plist */ = {isa = PBXFileReference; lastKnownFileType = text.plist.xml; path = "KitTests-Info.plist"; sourceTree = "<group>"; };
		D257E26A134F675A000F2C16 /* en */ = {isa = PBXFileReference; lastKnownFileType = text.plist.strings; name = en; path = en.lproj/InfoPlist.strings; sourceTree = "<group>"; };
		D257E26C134F675A000F2C16 /* KitTests-Prefix.pch */ = {isa = PBXFileReference; lastKnownFileType = sourcecode.c.h; path = "KitTests-Prefix.pch"; sourceTree = "<group>"; };
		D257E26D134F675A000F2C16 /* DrawingTests.h */ = {isa = PBXFileReference; lastKnownFileType = sourcecode.c.h; path = DrawingTests.h; sourceTree = "<group>"; };
		D257E26F134F675A000F2C16 /* DrawingTests.m */ = {isa = PBXFileReference; lastKnownFileType = sourcecode.c.objc; path = DrawingTests.m; sourceTree = "<group>"; };
		D257E274134F67F1000F2C16 /* CoreGraphics.framework */ = {isa = PBXFileReference; lastKnownFileType = wrapper.framework; name = CoreGraphics.framework; path = Platforms/iPhoneOS.platform/Developer/SDKs/iPhoneOS4.3.sdk/System/Library/Frameworks/CoreGraphics.framework; sourceTree = DEVELOPER_DIR; };
		D257E276134F67FE000F2C16 /* UIKit.framework */ = {isa = PBXFileReference; lastKnownFileType = wrapper.framework; name = UIKit.framework; path = Platforms/iPhoneOS.platform/Developer/SDKs/iPhoneOS4.3.sdk/System/Library/Frameworks/UIKit.framework; sourceTree = DEVELOPER_DIR; };
		D257E282134F690E000F2C16 /* NSString+LKStructUtils.h */ = {isa = PBXFileReference; fileEncoding = 4; lastKnownFileType = sourcecode.c.h; path = "NSString+LKStructUtils.h"; sourceTree = "<group>"; };
		D257E283134F690E000F2C16 /* NSString+LKStructUtils.m */ = {isa = PBXFileReference; fileEncoding = 4; lastKnownFileType = sourcecode.c.objc; path = "NSString+LKStructUtils.m"; sourceTree = "<group>"; };
		D257E284134F690E000F2C16 /* UITableView+LKCategory.h */ = {isa = PBXFileReference; fileEncoding = 4; lastKnownFileType = sourcecode.c.h; path = "UITableView+LKCategory.h"; sourceTree = "<group>"; };
		D257E285134F690E000F2C16 /* UITableView+LKCategory.m */ = {isa = PBXFileReference; fileEncoding = 4; lastKnownFileType = sourcecode.c.objc; path = "UITableView+LKCategory.m"; sourceTree = "<group>"; };
		D257E287134F690E000F2C16 /* LKCGDrawing.h */ = {isa = PBXFileReference; fileEncoding = 4; lastKnownFileType = sourcecode.c.h; path = LKCGDrawing.h; sourceTree = "<group>"; };
		D257E288134F690E000F2C16 /* LKCGDrawing.m */ = {isa = PBXFileReference; fileEncoding = 4; lastKnownFileType = sourcecode.c.objc; path = LKCGDrawing.m; sourceTree = "<group>"; };
		D257E28E134F6A0D000F2C16 /* lk-warnings.xcconfig */ = {isa = PBXFileReference; fileEncoding = 4; lastKnownFileType = text.xcconfig; path = "lk-warnings.xcconfig"; sourceTree = "<group>"; };
		D257E293134F72F7000F2C16 /* LKCoreDataTestCase.h */ = {isa = PBXFileReference; fileEncoding = 4; lastKnownFileType = sourcecode.c.h; path = LKCoreDataTestCase.h; sourceTree = "<group>"; };
		D257E294134F72F7000F2C16 /* LKCoreDataTestCase.m */ = {isa = PBXFileReference; fileEncoding = 4; lastKnownFileType = sourcecode.c.objc; path = LKCoreDataTestCase.m; sourceTree = "<group>"; };
		D257E296134F7399000F2C16 /* LKPCHInclude.h */ = {isa = PBXFileReference; fileEncoding = 4; lastKnownFileType = sourcecode.c.h; path = LKPCHInclude.h; sourceTree = "<group>"; };
		D257E297134F7715000F2C16 /* CoreData.framework */ = {isa = PBXFileReference; lastKnownFileType = wrapper.framework; name = CoreData.framework; path = Platforms/iPhoneOS.platform/Developer/SDKs/iPhoneOS4.3.sdk/System/Library/Frameworks/CoreData.framework; sourceTree = DEVELOPER_DIR; };
		D257E2A013507D0B000F2C16 /* NSDate+LKHelpers.h */ = {isa = PBXFileReference; fileEncoding = 4; lastKnownFileType = sourcecode.c.h; path = "NSDate+LKHelpers.h"; sourceTree = "<group>"; };
		D257E2A113507D0B000F2C16 /* NSDate+LKHelpers.m */ = {isa = PBXFileReference; fileEncoding = 4; lastKnownFileType = sourcecode.c.objc; path = "NSDate+LKHelpers.m"; sourceTree = "<group>"; };
		D257E2A313507DCE000F2C16 /* DateTests.h */ = {isa = PBXFileReference; fileEncoding = 4; lastKnownFileType = sourcecode.c.h; path = DateTests.h; sourceTree = "<group>"; };
		D257E2A413507DCE000F2C16 /* DateTests.m */ = {isa = PBXFileReference; fileEncoding = 4; lastKnownFileType = sourcecode.c.objc; path = DateTests.m; sourceTree = "<group>"; };
		D264350813531408006C7A08 /* NSLocale+LKHelpers.h */ = {isa = PBXFileReference; fileEncoding = 4; lastKnownFileType = sourcecode.c.h; path = "NSLocale+LKHelpers.h"; sourceTree = "<group>"; };
		D264350913531408006C7A08 /* NSLocale+LKHelpers.m */ = {isa = PBXFileReference; fileEncoding = 4; lastKnownFileType = sourcecode.c.objc; path = "NSLocale+LKHelpers.m"; sourceTree = "<group>"; };
		D264350F13533D3C006C7A08 /* NSString+LKHelper.h */ = {isa = PBXFileReference; fileEncoding = 4; lastKnownFileType = sourcecode.c.h; path = "NSString+LKHelper.h"; sourceTree = "<group>"; };
		D264351013533D3C006C7A08 /* NSString+LKHelper.m */ = {isa = PBXFileReference; fileEncoding = 4; lastKnownFileType = sourcecode.c.objc; path = "NSString+LKHelper.m"; sourceTree = "<group>"; };
		D264351513534A56006C7A08 /* en */ = {isa = PBXFileReference; lastKnownFileType = text.plist.xml; name = en; path = en.lproj/OrdinalMappings.plist; sourceTree = "<group>"; };
		D264351713534A6D006C7A08 /* fr */ = {isa = PBXFileReference; lastKnownFileType = text.plist.xml; name = fr; path = fr.lproj/OrdinalMappings.plist; sourceTree = "<group>"; };
		D264351813534BFF006C7A08 /* StringTests.h */ = {isa = PBXFileReference; fileEncoding = 4; lastKnownFileType = sourcecode.c.h; path = StringTests.h; sourceTree = "<group>"; };
		D264351913534BFF006C7A08 /* StringTests.m */ = {isa = PBXFileReference; fileEncoding = 4; lastKnownFileType = sourcecode.c.objc; path = StringTests.m; sourceTree = "<group>"; };
		D264351B1353B2BC006C7A08 /* haw */ = {isa = PBXFileReference; lastKnownFileType = text.plist.xml; name = haw; path = haw.lproj/OrdinalMappings.plist; sourceTree = "<group>"; };
		D26436341354B45A006C7A08 /* GHTester.app */ = {isa = PBXFileReference; explicitFileType = wrapper.application; includeInIndex = 0; path = GHTester.app; sourceTree = BUILT_PRODUCTS_DIR; };
		D264363B1354B45A006C7A08 /* GHTester-Info.plist */ = {isa = PBXFileReference; lastKnownFileType = text.plist.xml; path = "GHTester-Info.plist"; sourceTree = "<group>"; };
		D264363D1354B45A006C7A08 /* en */ = {isa = PBXFileReference; lastKnownFileType = text.plist.strings; name = en; path = en.lproj/InfoPlist.strings; sourceTree = "<group>"; };
		D264363F1354B45A006C7A08 /* GHTester-Prefix.pch */ = {isa = PBXFileReference; lastKnownFileType = sourcecode.c.h; path = "GHTester-Prefix.pch"; sourceTree = "<group>"; };
		D26436541354B4DE006C7A08 /* GHUnitiOSMain.m */ = {isa = PBXFileReference; fileEncoding = 4; lastKnownFileType = sourcecode.c.objc; path = GHUnitiOSMain.m; sourceTree = "<group>"; };
		D26436591354B63E006C7A08 /* CoreData.framework */ = {isa = PBXFileReference; lastKnownFileType = wrapper.framework; name = CoreData.framework; path = Platforms/iPhoneOS.platform/Developer/SDKs/iPhoneOS4.3.sdk/System/Library/Frameworks/CoreData.framework; sourceTree = DEVELOPER_DIR; };
		D2730FEB142A1F0300EB5CB7 /* LKCGStructs.h */ = {isa = PBXFileReference; fileEncoding = 4; lastKnownFileType = sourcecode.c.h; path = LKCGStructs.h; sourceTree = "<group>"; };
		D2730FEC142A1F0300EB5CB7 /* LKCGStructs.m */ = {isa = PBXFileReference; fileEncoding = 4; lastKnownFileType = sourcecode.c.objc; path = LKCGStructs.m; sourceTree = "<group>"; };
		D2B5FBBC13D5B64400630112 /* LKLogHelper.h */ = {isa = PBXFileReference; fileEncoding = 4; lastKnownFileType = sourcecode.c.h; path = LKLogHelper.h; sourceTree = "<group>"; };
		D2B5FBBD13D5B64400630112 /* LKLogHelper.m */ = {isa = PBXFileReference; fileEncoding = 4; lastKnownFileType = sourcecode.c.objc; path = LKLogHelper.m; sourceTree = "<group>"; };
		D2B5FBC113D5C0D700630112 /* LKLogHelperTestCase.h */ = {isa = PBXFileReference; fileEncoding = 4; lastKnownFileType = sourcecode.c.h; path = LKLogHelperTestCase.h; sourceTree = "<group>"; };
		D2B5FBC213D5C0D700630112 /* LKLogHelperTestCase.m */ = {isa = PBXFileReference; fileEncoding = 4; lastKnownFileType = sourcecode.c.objc; path = LKLogHelperTestCase.m; sourceTree = "<group>"; };
		D2B5FC8813D88E0F00630112 /* NSObject+LKObject.h */ = {isa = PBXFileReference; fileEncoding = 4; lastKnownFileType = sourcecode.c.h; path = "NSObject+LKObject.h"; sourceTree = "<group>"; };
		D2B5FC8913D88E1000630112 /* NSObject+LKObject.m */ = {isa = PBXFileReference; fileEncoding = 4; lastKnownFileType = sourcecode.c.objc; path = "NSObject+LKObject.m"; sourceTree = "<group>"; };
		D2C9AE6D13A02FBC00CD9998 /* DOMNode+LKHelpers.h */ = {isa = PBXFileReference; fileEncoding = 4; lastKnownFileType = sourcecode.c.h; path = "DOMNode+LKHelpers.h"; sourceTree = "<group>"; };
		D2C9AE6E13A02FBC00CD9998 /* DOMNode+LKHelpers.m */ = {isa = PBXFileReference; fileEncoding = 4; lastKnownFileType = sourcecode.c.objc; path = "DOMNode+LKHelpers.m"; sourceTree = "<group>"; };
		D2D1E6C21430792E002FF1B1 /* LKError.h */ = {isa = PBXFileReference; fileEncoding = 4; lastKnownFileType = sourcecode.c.h; path = LKError.h; sourceTree = "<group>"; };
		D2D1E6C31430792E002FF1B1 /* LKError.m */ = {isa = PBXFileReference; fileEncoding = 4; lastKnownFileType = sourcecode.c.objc; path = LKError.m; sourceTree = "<group>"; };
		D2DC0F2F1428A548005D2F90 /* README.markdown */ = {isa = PBXFileReference; fileEncoding = 4; lastKnownFileType = text; path = README.markdown; sourceTree = SOURCE_ROOT; };
		D2DC0F3C1428AF1E005D2F90 /* Cocoa.framework */ = {isa = PBXFileReference; lastKnownFileType = wrapper.framework; name = Cocoa.framework; path = System/Library/Frameworks/Cocoa.framework; sourceTree = SDKROOT; };
		D2DC0F3F1428AF1E005D2F90 /* AppKit.framework */ = {isa = PBXFileReference; lastKnownFileType = wrapper.framework; name = AppKit.framework; path = System/Library/Frameworks/AppKit.framework; sourceTree = SDKROOT; };
		D2DC0F401428AF1E005D2F90 /* CoreData.framework */ = {isa = PBXFileReference; lastKnownFileType = wrapper.framework; name = CoreData.framework; path = System/Library/Frameworks/CoreData.framework; sourceTree = SDKROOT; };
		D2DC0F411428AF1E005D2F90 /* Foundation.framework */ = {isa = PBXFileReference; lastKnownFileType = wrapper.framework; name = Foundation.framework; path = System/Library/Frameworks/Foundation.framework; sourceTree = SDKROOT; };
		D2DC0F5A1428AF1F005D2F90 /* SenTestingKit.framework */ = {isa = PBXFileReference; lastKnownFileType = wrapper.framework; name = SenTestingKit.framework; path = Library/Frameworks/SenTestingKit.framework; sourceTree = DEVELOPER_DIR; };
		D2DC0F731428B01B005D2F90 /* LKInclude.pch */ = {isa = PBXFileReference; fileEncoding = 4; lastKnownFileType = sourcecode.c.h; path = LKInclude.pch; sourceTree = "<group>"; };
		D2DC0F781428B1D6005D2F90 /* MacKit.app */ = {isa = PBXFileReference; explicitFileType = wrapper.application; includeInIndex = 0; path = MacKit.app; sourceTree = BUILT_PRODUCTS_DIR; };
		D2DC0F7D1428B1D6005D2F90 /* MacRunner-Info.plist */ = {isa = PBXFileReference; lastKnownFileType = text.plist.xml; path = "MacRunner-Info.plist"; sourceTree = "<group>"; };
		D2DC0F7F1428B1D6005D2F90 /* en */ = {isa = PBXFileReference; lastKnownFileType = text.plist.strings; name = en; path = en.lproj/InfoPlist.strings; sourceTree = "<group>"; };
		D2DC0F811428B1D6005D2F90 /* main.m */ = {isa = PBXFileReference; lastKnownFileType = sourcecode.c.objc; path = main.m; sourceTree = "<group>"; };
		D2DC0F831428B1D6005D2F90 /* MacRunner-Prefix.pch */ = {isa = PBXFileReference; lastKnownFileType = sourcecode.c.h; path = "MacRunner-Prefix.pch"; sourceTree = "<group>"; };
		D2DC0F851428B1D6005D2F90 /* en */ = {isa = PBXFileReference; lastKnownFileType = text.rtf; name = en; path = en.lproj/Credits.rtf; sourceTree = "<group>"; };
		D2DC0F871428B1D6005D2F90 /* MacRunnerAppDelegate.h */ = {isa = PBXFileReference; lastKnownFileType = sourcecode.c.h; path = MacRunnerAppDelegate.h; sourceTree = "<group>"; };
		D2DC0F881428B1D6005D2F90 /* MacRunnerAppDelegate.m */ = {isa = PBXFileReference; lastKnownFileType = sourcecode.c.objc; path = MacRunnerAppDelegate.m; sourceTree = "<group>"; };
		D2DC0F8B1428B1D6005D2F90 /* en */ = {isa = PBXFileReference; lastKnownFileType = file.xib; name = en; path = en.lproj/MainMenu.xib; sourceTree = "<group>"; };
		D2DC0F921428B1D6005D2F90 /* MacKitTests.octest */ = {isa = PBXFileReference; explicitFileType = wrapper.cfbundle; includeInIndex = 0; path = MacKitTests.octest; sourceTree = BUILT_PRODUCTS_DIR; };
		D2DC0F991428B1D6005D2F90 /* MacRunnerTests-Info.plist */ = {isa = PBXFileReference; lastKnownFileType = text.plist.xml; path = "MacRunnerTests-Info.plist"; sourceTree = "<group>"; };
		D2DC0F9B1428B1D6005D2F90 /* en */ = {isa = PBXFileReference; lastKnownFileType = text.plist.strings; name = en; path = en.lproj/InfoPlist.strings; sourceTree = "<group>"; };
		D2F71D1313AFEB0700082BC9 /* GHUnitIOS.framework */ = {isa = PBXFileReference; lastKnownFileType = wrapper.framework; name = GHUnitIOS.framework; path = ../../../Library/Frameworks/GHUnitIOS.framework; sourceTree = SOURCE_ROOT; };
/* End PBXFileReference section */

/* Begin PBXFrameworksBuildPhase section */
		D257E259134F675A000F2C16 /* Frameworks */ = {
			isa = PBXFrameworksBuildPhase;
			buildActionMask = 2147483647;
			files = (
				D257E298134F7715000F2C16 /* CoreData.framework in Frameworks */,
				D257E277134F67FE000F2C16 /* UIKit.framework in Frameworks */,
				D257E275134F67F1000F2C16 /* CoreGraphics.framework in Frameworks */,
				D257E263134F675A000F2C16 /* Foundation.framework in Frameworks */,
			);
			runOnlyForDeploymentPostprocessing = 0;
		};
		D26436311354B45A006C7A08 /* Frameworks */ = {
			isa = PBXFrameworksBuildPhase;
			buildActionMask = 2147483647;
			files = (
				D2F71D1413AFEB0700082BC9 /* GHUnitIOS.framework in Frameworks */,
				D264365A1354B63E006C7A08 /* CoreData.framework in Frameworks */,
				D26436361354B45A006C7A08 /* UIKit.framework in Frameworks */,
				D26436371354B45A006C7A08 /* Foundation.framework in Frameworks */,
				D26436381354B45A006C7A08 /* CoreGraphics.framework in Frameworks */,
			);
			runOnlyForDeploymentPostprocessing = 0;
		};
		D2DC0F751428B1D6005D2F90 /* Frameworks */ = {
			isa = PBXFrameworksBuildPhase;
			buildActionMask = 2147483647;
			files = (
				D2DC0F7A1428B1D6005D2F90 /* Cocoa.framework in Frameworks */,
			);
			runOnlyForDeploymentPostprocessing = 0;
		};
		D2DC0F8E1428B1D6005D2F90 /* Frameworks */ = {
			isa = PBXFrameworksBuildPhase;
			buildActionMask = 2147483647;
			files = (
				D2DC0F931428B1D6005D2F90 /* SenTestingKit.framework in Frameworks */,
				D2DC0F941428B1D6005D2F90 /* Cocoa.framework in Frameworks */,
			);
			runOnlyForDeploymentPostprocessing = 0;
		};
/* End PBXFrameworksBuildPhase section */

/* Begin PBXGroup section */
		D257E24B134F66E8000F2C16 = {
			isa = PBXGroup;
			children = (
				D257E278134F6832000F2C16 /* Files */,
				D26436391354B45A006C7A08 /* GHTester */,
				D257E266134F675A000F2C16 /* KitTests */,
				D257E28D134F6A0D000F2C16 /* Project */,
				D2DC0F7B1428B1D6005D2F90 /* MacRunner */,
				D2DC0F971428B1D6005D2F90 /* MacRunnerTests */,
				D257E25F134F675A000F2C16 /* Frameworks */,
				D257E25E134F675A000F2C16 /* Products */,
			);
			sourceTree = "<group>";
		};
		D257E25E134F675A000F2C16 /* Products */ = {
			isa = PBXGroup;
			children = (
				D257E25D134F675A000F2C16 /* KitTests.octest */,
				D26436341354B45A006C7A08 /* GHTester.app */,
				D2DC0F781428B1D6005D2F90 /* MacKit.app */,
				D2DC0F921428B1D6005D2F90 /* MacKitTests.octest */,
			);
			name = Products;
			sourceTree = "<group>";
		};
		D257E25F134F675A000F2C16 /* Frameworks */ = {
			isa = PBXGroup;
			children = (
				D257E297134F7715000F2C16 /* CoreData.framework */,
				D257E262134F675A000F2C16 /* Foundation.framework */,
				D257E276134F67FE000F2C16 /* UIKit.framework */,
				D257E274134F67F1000F2C16 /* CoreGraphics.framework */,
				D2DC0F3C1428AF1E005D2F90 /* Cocoa.framework */,
				D2DC0F5A1428AF1F005D2F90 /* SenTestingKit.framework */,
				D2DC0F3E1428AF1E005D2F90 /* Other Frameworks */,
			);
			name = Frameworks;
			sourceTree = "<group>";
		};
		D257E266134F675A000F2C16 /* KitTests */ = {
			isa = PBXGroup;
			children = (
				D257E26D134F675A000F2C16 /* DrawingTests.h */,
				D257E26F134F675A000F2C16 /* DrawingTests.m */,
				D257E2A313507DCE000F2C16 /* DateTests.h */,
				D257E2A413507DCE000F2C16 /* DateTests.m */,
				D264351813534BFF006C7A08 /* StringTests.h */,
				D264351913534BFF006C7A08 /* StringTests.m */,
				D257E267134F675A000F2C16 /* Supporting Files */,
			);
			path = KitTests;
			sourceTree = "<group>";
		};
		D257E267134F675A000F2C16 /* Supporting Files */ = {
			isa = PBXGroup;
			children = (
				D257E268134F675A000F2C16 /* KitTests-Info.plist */,
				D257E269134F675A000F2C16 /* InfoPlist.strings */,
				D257E26C134F675A000F2C16 /* KitTests-Prefix.pch */,
			);
			name = "Supporting Files";
			sourceTree = "<group>";
		};
		D257E278134F6832000F2C16 /* Files */ = {
			isa = PBXGroup;
			children = (
				D257E281134F690E000F2C16 /* Categories */,
				D257E286134F690E000F2C16 /* Helpers */,
				D257E28C134F693B000F2C16 /* TestClasses */,
				D257E296134F7399000F2C16 /* LKPCHInclude.h */,
				D2DC0F731428B01B005D2F90 /* LKInclude.pch */,
			);
			name = Files;
			sourceTree = "<group>";
		};
		D257E281134F690E000F2C16 /* Categories */ = {
			isa = PBXGroup;
			children = (
				D2B5FC8813D88E0F00630112 /* NSObject+LKObject.h */,
				D2B5FC8913D88E1000630112 /* NSObject+LKObject.m */,
				D257E282134F690E000F2C16 /* NSString+LKStructUtils.h */,
				D257E283134F690E000F2C16 /* NSString+LKStructUtils.m */,
				D264350F13533D3C006C7A08 /* NSString+LKHelper.h */,
				D264351013533D3C006C7A08 /* NSString+LKHelper.m */,
				D264351613534A56006C7A08 /* OrdinalMappings.plist */,
				D257E284134F690E000F2C16 /* UITableView+LKCategory.h */,
				D257E285134F690E000F2C16 /* UITableView+LKCategory.m */,
				D257E2A013507D0B000F2C16 /* NSDate+LKHelpers.h */,
				D257E2A113507D0B000F2C16 /* NSDate+LKHelpers.m */,
				D264350813531408006C7A08 /* NSLocale+LKHelpers.h */,
				D264350913531408006C7A08 /* NSLocale+LKHelpers.m */,
				D2C9AE6D13A02FBC00CD9998 /* DOMNode+LKHelpers.h */,
				D2C9AE6E13A02FBC00CD9998 /* DOMNode+LKHelpers.m */,
			);
			path = Categories;
			sourceTree = "<group>";
		};
		D257E286134F690E000F2C16 /* Helpers */ = {
			isa = PBXGroup;
			children = (
				D2730FEB142A1F0300EB5CB7 /* LKCGStructs.h */,
				D2730FEC142A1F0300EB5CB7 /* LKCGStructs.m */,
				D257E287134F690E000F2C16 /* LKCGDrawing.h */,
				D257E288134F690E000F2C16 /* LKCGDrawing.m */,
				D2D1E6C21430792E002FF1B1 /* LKError.h */,
				D2D1E6C31430792E002FF1B1 /* LKError.m */,
				D2B5FBBC13D5B64400630112 /* LKLogHelper.h */,
				D2B5FBBD13D5B64400630112 /* LKLogHelper.m */,
			);
			path = Helpers;
			sourceTree = "<group>";
		};
		D257E28C134F693B000F2C16 /* TestClasses */ = {
			isa = PBXGroup;
			children = (
				D257E293134F72F7000F2C16 /* LKCoreDataTestCase.h */,
				D257E294134F72F7000F2C16 /* LKCoreDataTestCase.m */,
				D2B5FBC113D5C0D700630112 /* LKLogHelperTestCase.h */,
				D2B5FBC213D5C0D700630112 /* LKLogHelperTestCase.m */,
			);
			path = TestClasses;
			sourceTree = "<group>";
		};
		D257E28D134F6A0D000F2C16 /* Project */ = {
			isa = PBXGroup;
			children = (
				D257E28E134F6A0D000F2C16 /* lk-warnings.xcconfig */,
				D2DC0F2F1428A548005D2F90 /* README.markdown */,
			);
			path = Project;
			sourceTree = "<group>";
		};
		D26436391354B45A006C7A08 /* GHTester */ = {
			isa = PBXGroup;
			children = (
				D26436591354B63E006C7A08 /* CoreData.framework */,
				D2F71D1313AFEB0700082BC9 /* GHUnitIOS.framework */,
				D264363A1354B45A006C7A08 /* Supporting Files */,
				D26436541354B4DE006C7A08 /* GHUnitiOSMain.m */,
			);
			path = GHTester;
			sourceTree = "<group>";
		};
		D264363A1354B45A006C7A08 /* Supporting Files */ = {
			isa = PBXGroup;
			children = (
				D264363B1354B45A006C7A08 /* GHTester-Info.plist */,
				D264363C1354B45A006C7A08 /* InfoPlist.strings */,
				D264363F1354B45A006C7A08 /* GHTester-Prefix.pch */,
			);
			name = "Supporting Files";
			sourceTree = "<group>";
		};
		D2DC0F3E1428AF1E005D2F90 /* Other Frameworks */ = {
			isa = PBXGroup;
			children = (
				D2DC0F3F1428AF1E005D2F90 /* AppKit.framework */,
				D2DC0F401428AF1E005D2F90 /* CoreData.framework */,
				D2DC0F411428AF1E005D2F90 /* Foundation.framework */,
			);
			name = "Other Frameworks";
			sourceTree = "<group>";
		};
		D2DC0F7B1428B1D6005D2F90 /* MacRunner */ = {
			isa = PBXGroup;
			children = (
				D2DC0F871428B1D6005D2F90 /* MacRunnerAppDelegate.h */,
				D2DC0F881428B1D6005D2F90 /* MacRunnerAppDelegate.m */,
				D2DC0F8A1428B1D6005D2F90 /* MainMenu.xib */,
				D2DC0F7C1428B1D6005D2F90 /* Supporting Files */,
			);
			path = MacRunner;
			sourceTree = "<group>";
		};
		D2DC0F7C1428B1D6005D2F90 /* Supporting Files */ = {
			isa = PBXGroup;
			children = (
				D2DC0F7D1428B1D6005D2F90 /* MacRunner-Info.plist */,
				D2DC0F7E1428B1D6005D2F90 /* InfoPlist.strings */,
				D2DC0F811428B1D6005D2F90 /* main.m */,
				D2DC0F831428B1D6005D2F90 /* MacRunner-Prefix.pch */,
				D2DC0F841428B1D6005D2F90 /* Credits.rtf */,
			);
			name = "Supporting Files";
			sourceTree = "<group>";
		};
		D2DC0F971428B1D6005D2F90 /* MacRunnerTests */ = {
			isa = PBXGroup;
			children = (
				D2DC0F981428B1D6005D2F90 /* Supporting Files */,
			);
			path = MacRunnerTests;
			sourceTree = "<group>";
		};
		D2DC0F981428B1D6005D2F90 /* Supporting Files */ = {
			isa = PBXGroup;
			children = (
				D2DC0F991428B1D6005D2F90 /* MacRunnerTests-Info.plist */,
				D2DC0F9A1428B1D6005D2F90 /* InfoPlist.strings */,
			);
			name = "Supporting Files";
			sourceTree = "<group>";
		};
/* End PBXGroup section */

/* Begin PBXNativeTarget section */
		D257E25C134F675A000F2C16 /* KitTests */ = {
			isa = PBXNativeTarget;
			buildConfigurationList = D257E271134F675A000F2C16 /* Build configuration list for PBXNativeTarget "KitTests" */;
			buildPhases = (
				D257E258134F675A000F2C16 /* Sources */,
				D257E259134F675A000F2C16 /* Frameworks */,
				D257E25A134F675A000F2C16 /* Resources */,
			);
			buildRules = (
			);
			dependencies = (
			);
			name = KitTests;
			productName = KitTests;
			productReference = D257E25D134F675A000F2C16 /* KitTests.octest */;
			productType = "com.apple.product-type.bundle";
		};
		D26436331354B45A006C7A08 /* GHTester */ = {
			isa = PBXNativeTarget;
			buildConfigurationList = D264364E1354B45B006C7A08 /* Build configuration list for PBXNativeTarget "GHTester" */;
			buildPhases = (
				D26436301354B45A006C7A08 /* Sources */,
				D26436311354B45A006C7A08 /* Frameworks */,
				D26436321354B45A006C7A08 /* Resources */,
			);
			buildRules = (
			);
			dependencies = (
			);
			name = GHTester;
			productName = GHTester;
			productReference = D26436341354B45A006C7A08 /* GHTester.app */;
			productType = "com.apple.product-type.application";
		};
		D2DC0F771428B1D6005D2F90 /* MacKit */ = {
			isa = PBXNativeTarget;
			buildConfigurationList = D2DC0FA11428B1D7005D2F90 /* Build configuration list for PBXNativeTarget "MacKit" */;
			buildPhases = (
				D2DC0F741428B1D6005D2F90 /* Sources */,
				D2DC0F751428B1D6005D2F90 /* Frameworks */,
				D2DC0F761428B1D6005D2F90 /* Resources */,
			);
			buildRules = (
			);
			dependencies = (
			);
			name = MacKit;
			productName = MacRunner;
			productReference = D2DC0F781428B1D6005D2F90 /* MacKit.app */;
			productType = "com.apple.product-type.application";
		};
		D2DC0F911428B1D6005D2F90 /* MacKitTests */ = {
			isa = PBXNativeTarget;
			buildConfigurationList = D2DC0FA41428B1D7005D2F90 /* Build configuration list for PBXNativeTarget "MacKitTests" */;
			buildPhases = (
				D2DC0F8D1428B1D6005D2F90 /* Sources */,
				D2DC0F8E1428B1D6005D2F90 /* Frameworks */,
				D2DC0F8F1428B1D6005D2F90 /* Resources */,
				D2DC0F901428B1D6005D2F90 /* ShellScript */,
			);
			buildRules = (
			);
			dependencies = (
				D2DC0FB01428B573005D2F90 /* PBXTargetDependency */,
			);
			name = MacKitTests;
			productName = MacRunnerTests;
			productReference = D2DC0F921428B1D6005D2F90 /* MacKitTests.octest */;
			productType = "com.apple.product-type.bundle";
		};
/* End PBXNativeTarget section */

/* Begin PBXProject section */
		D257E24D134F66E8000F2C16 /* Project object */ = {
			isa = PBXProject;
			attributes = {
				ORGANIZATIONNAME = "Little Known Software";
			};
			buildConfigurationList = D257E250134F66E8000F2C16 /* Build configuration list for PBXProject "LKKit" */;
			compatibilityVersion = "Xcode 3.2";
			developmentRegion = English;
			hasScannedForEncodings = 0;
			knownRegions = (
				en,
				fr,
				haw,
			);
			mainGroup = D257E24B134F66E8000F2C16;
			productRefGroup = D257E25E134F675A000F2C16 /* Products */;
			projectDirPath = "";
			projectRoot = "";
			targets = (
				D257E25C134F675A000F2C16 /* KitTests */,
				D26436331354B45A006C7A08 /* GHTester */,
				D2DC0F771428B1D6005D2F90 /* MacKit */,
				D2DC0F911428B1D6005D2F90 /* MacKitTests */,
			);
		};
/* End PBXProject section */

/* Begin PBXResourcesBuildPhase section */
		D257E25A134F675A000F2C16 /* Resources */ = {
			isa = PBXResourcesBuildPhase;
			buildActionMask = 2147483647;
			files = (
				D257E26B134F675A000F2C16 /* InfoPlist.strings in Resources */,
				D257E26E134F675A000F2C16 /* DrawingTests.h in Resources */,
				D257E28F134F6A0D000F2C16 /* lk-warnings.xcconfig in Resources */,
				D264351413534A56006C7A08 /* OrdinalMappings.plist in Resources */,
				D2DC0F301428A548005D2F90 /* README.markdown in Resources */,
			);
			runOnlyForDeploymentPostprocessing = 0;
		};
		D26436321354B45A006C7A08 /* Resources */ = {
			isa = PBXResourcesBuildPhase;
			buildActionMask = 2147483647;
			files = (
				D264363E1354B45A006C7A08 /* InfoPlist.strings in Resources */,
				D264365F1354B7B8006C7A08 /* OrdinalMappings.plist in Resources */,
			);
			runOnlyForDeploymentPostprocessing = 0;
		};
		D2DC0F761428B1D6005D2F90 /* Resources */ = {
			isa = PBXResourcesBuildPhase;
			buildActionMask = 2147483647;
			files = (
				D2DC0F801428B1D6005D2F90 /* InfoPlist.strings in Resources */,
				D2DC0F861428B1D6005D2F90 /* Credits.rtf in Resources */,
				D2DC0F8C1428B1D6005D2F90 /* MainMenu.xib in Resources */,
			);
			runOnlyForDeploymentPostprocessing = 0;
		};
		D2DC0F8F1428B1D6005D2F90 /* Resources */ = {
			isa = PBXResourcesBuildPhase;
			buildActionMask = 2147483647;
			files = (
				D2DC0F9C1428B1D6005D2F90 /* InfoPlist.strings in Resources */,
				D2D1E6D5143132E7002FF1B1 /* OrdinalMappings.plist in Resources */,
			);
			runOnlyForDeploymentPostprocessing = 0;
		};
/* End PBXResourcesBuildPhase section */

/* Begin PBXShellScriptBuildPhase section */
		D2DC0F901428B1D6005D2F90 /* ShellScript */ = {
			isa = PBXShellScriptBuildPhase;
			buildActionMask = 2147483647;
			files = (
			);
			inputPaths = (
			);
			outputPaths = (
			);
			runOnlyForDeploymentPostprocessing = 0;
			shellPath = /bin/sh;
			shellScript = "# Run the unit tests in this test bundle.\n\"${SYSTEM_DEVELOPER_DIR}/Tools/RunUnitTests\"\n";
		};
/* End PBXShellScriptBuildPhase section */

/* Begin PBXSourcesBuildPhase section */
		D257E258134F675A000F2C16 /* Sources */ = {
			isa = PBXSourcesBuildPhase;
			buildActionMask = 2147483647;
			files = (
				D257E270134F675A000F2C16 /* DrawingTests.m in Sources */,
				D257E289134F690E000F2C16 /* NSString+LKStructUtils.m in Sources */,
				D257E28A134F690E000F2C16 /* UITableView+LKCategory.m in Sources */,
				D257E28B134F690E000F2C16 /* LKCGDrawing.m in Sources */,
				D257E295134F72F7000F2C16 /* LKCoreDataTestCase.m in Sources */,
				D257E2A213507D0B000F2C16 /* NSDate+LKHelpers.m in Sources */,
				D257E2A513507DCE000F2C16 /* DateTests.m in Sources */,
				D264350A13531408006C7A08 /* NSLocale+LKHelpers.m in Sources */,
				D264351113533D3C006C7A08 /* NSString+LKHelper.m in Sources */,
				D264351A13534BFF006C7A08 /* StringTests.m in Sources */,
				D2C9AE6F13A02FBC00CD9998 /* DOMNode+LKHelpers.m in Sources */,
				D2B5FBBE13D5B64400630112 /* LKLogHelper.m in Sources */,
				D2B5FC8A13D88E1000630112 /* NSObject+LKObject.m in Sources */,
				D2730FED142A1F0300EB5CB7 /* LKCGStructs.m in Sources */,
				D2D1E6C41430792E002FF1B1 /* LKError.m in Sources */,
			);
			runOnlyForDeploymentPostprocessing = 0;
		};
		D26436301354B45A006C7A08 /* Sources */ = {
			isa = PBXSourcesBuildPhase;
			buildActionMask = 2147483647;
			files = (
				D26436551354B4DE006C7A08 /* GHUnitiOSMain.m in Sources */,
				D264365B1354B654006C7A08 /* NSDate+LKHelpers.m in Sources */,
				D264365C1354B658006C7A08 /* DateTests.m in Sources */,
				D264365D1354B7B3006C7A08 /* NSString+LKHelper.m in Sources */,
				D264365E1354B7B3006C7A08 /* NSLocale+LKHelpers.m in Sources */,
				D26436601354B7CD006C7A08 /* DrawingTests.m in Sources */,
				D26436611354B7CD006C7A08 /* StringTests.m in Sources */,
				D26436621354B852006C7A08 /* LKCGDrawing.m in Sources */,
				D2B5FBBF13D5B64400630112 /* LKLogHelper.m in Sources */,
				D2B5FBC313D5C0D700630112 /* LKLogHelperTestCase.m in Sources */,
			);
			runOnlyForDeploymentPostprocessing = 0;
		};
		D2DC0F741428B1D6005D2F90 /* Sources */ = {
			isa = PBXSourcesBuildPhase;
			buildActionMask = 2147483647;
			files = (
				D2DC0F821428B1D6005D2F90 /* main.m in Sources */,
				D2DC0F891428B1D6005D2F90 /* MacRunnerAppDelegate.m in Sources */,
				D2DC0FA81428B251005D2F90 /* LKLogHelper.m in Sources */,
				D2D1E6D01431310B002FF1B1 /* LKCGStructs.m in Sources */,
				D2D1E6D114313118002FF1B1 /* NSString+LKHelper.m in Sources */,
				D2D1E6D214313151002FF1B1 /* NSDate+LKHelpers.m in Sources */,
				D2D1E6D31431315F002FF1B1 /* NSLocale+LKHelpers.m in Sources */,
			);
			runOnlyForDeploymentPostprocessing = 0;
		};
		D2DC0F8D1428B1D6005D2F90 /* Sources */ = {
			isa = PBXSourcesBuildPhase;
			buildActionMask = 2147483647;
			files = (
				D2DC0FA71428B24A005D2F90 /* LKLogHelperTestCase.m in Sources */,
				D2D1E6C51430792E002FF1B1 /* LKError.m in Sources */,
				D2D1E6CD1431303D002FF1B1 /* StringTests.m in Sources */,
				D2D1E6CE1431304B002FF1B1 /* DateTests.m in Sources */,
				D2D1E6CF14313070002FF1B1 /* DrawingTests.m in Sources */,
			);
			runOnlyForDeploymentPostprocessing = 0;
		};
/* End PBXSourcesBuildPhase section */

/* Begin PBXTargetDependency section */
		D2DC0FB01428B573005D2F90 /* PBXTargetDependency */ = {
			isa = PBXTargetDependency;
			target = D2DC0F771428B1D6005D2F90 /* MacKit */;
			targetProxy = D2DC0FAF1428B573005D2F90 /* PBXContainerItemProxy */;
		};
/* End PBXTargetDependency section */

/* Begin PBXVariantGroup section */
		D257E269134F675A000F2C16 /* InfoPlist.strings */ = {
			isa = PBXVariantGroup;
			children = (
				D257E26A134F675A000F2C16 /* en */,
			);
			name = InfoPlist.strings;
			sourceTree = "<group>";
		};
		D264351613534A56006C7A08 /* OrdinalMappings.plist */ = {
			isa = PBXVariantGroup;
			children = (
				D264351513534A56006C7A08 /* en */,
				D264351713534A6D006C7A08 /* fr */,
				D264351B1353B2BC006C7A08 /* haw */,
			);
			name = OrdinalMappings.plist;
			sourceTree = "<group>";
		};
		D264363C1354B45A006C7A08 /* InfoPlist.strings */ = {
			isa = PBXVariantGroup;
			children = (
				D264363D1354B45A006C7A08 /* en */,
			);
			name = InfoPlist.strings;
			sourceTree = "<group>";
		};
		D2DC0F7E1428B1D6005D2F90 /* InfoPlist.strings */ = {
			isa = PBXVariantGroup;
			children = (
				D2DC0F7F1428B1D6005D2F90 /* en */,
			);
			name = InfoPlist.strings;
			sourceTree = "<group>";
		};
		D2DC0F841428B1D6005D2F90 /* Credits.rtf */ = {
			isa = PBXVariantGroup;
			children = (
				D2DC0F851428B1D6005D2F90 /* en */,
			);
			name = Credits.rtf;
			sourceTree = "<group>";
		};
		D2DC0F8A1428B1D6005D2F90 /* MainMenu.xib */ = {
			isa = PBXVariantGroup;
			children = (
				D2DC0F8B1428B1D6005D2F90 /* en */,
			);
			name = MainMenu.xib;
			sourceTree = "<group>";
		};
		D2DC0F9A1428B1D6005D2F90 /* InfoPlist.strings */ = {
			isa = PBXVariantGroup;
			children = (
				D2DC0F9B1428B1D6005D2F90 /* en */,
			);
			name = InfoPlist.strings;
			sourceTree = "<group>";
		};
/* End PBXVariantGroup section */

/* Begin XCBuildConfiguration section */
		D257E252134F66E8000F2C16 /* Debug */ = {
			isa = XCBuildConfiguration;
			baseConfigurationReference = D257E28E134F6A0D000F2C16 /* lk-warnings.xcconfig */;
			buildSettings = {
				ARCHS = "$(ARCHS_STANDARD_32_64_BIT)";
				SDKROOT = macosx;
			};
			name = Debug;
		};
		D257E253134F66E8000F2C16 /* Release */ = {
			isa = XCBuildConfiguration;
			baseConfigurationReference = D257E28E134F6A0D000F2C16 /* lk-warnings.xcconfig */;
			buildSettings = {
				ARCHS = "$(ARCHS_STANDARD_32_64_BIT)";
				SDKROOT = macosx;
			};
			name = Release;
		};
		D257E272134F675A000F2C16 /* Debug */ = {
			isa = XCBuildConfiguration;
			buildSettings = {
				ALWAYS_SEARCH_USER_PATHS = NO;
				FRAMEWORK_SEARCH_PATHS = (
					"$(SDKROOT)/Developer/Library/Frameworks",
					"$(DEVELOPER_LIBRARY_DIR)/Frameworks",
				);
				GCC_C_LANGUAGE_STANDARD = gnu99;
				GCC_OPTIMIZATION_LEVEL = 0;
				GCC_PRECOMPILE_PREFIX_HEADER = YES;
				GCC_PREFIX_HEADER = "KitTests/KitTests-Prefix.pch";
				GCC_PREPROCESSOR_DEFINITIONS = (
					DEBUG,
					STRING_UNIT_TEST,
				);
				GCC_SYMBOLS_PRIVATE_EXTERN = NO;
				GCC_VERSION = com.apple.compilers.llvm.clang.1_0;
				GCC_WARN_ABOUT_RETURN_TYPE = YES;
				GCC_WARN_UNUSED_VARIABLE = YES;
				INFOPLIST_FILE = "KitTests/KitTests-Info.plist";
				IPHONEOS_DEPLOYMENT_TARGET = 4.3;
				OTHER_LDFLAGS = (
					"-framework",
					SenTestingKit,
				);
				PRODUCT_NAME = "$(TARGET_NAME)";
				WRAPPER_EXTENSION = octest;
			};
			name = Debug;
		};
		D257E273134F675A000F2C16 /* Release */ = {
			isa = XCBuildConfiguration;
			buildSettings = {
				ALWAYS_SEARCH_USER_PATHS = NO;
				FRAMEWORK_SEARCH_PATHS = (
					"$(SDKROOT)/Developer/Library/Frameworks",
					"$(DEVELOPER_LIBRARY_DIR)/Frameworks",
				);
				GCC_C_LANGUAGE_STANDARD = gnu99;
				GCC_PRECOMPILE_PREFIX_HEADER = YES;
				GCC_PREFIX_HEADER = "KitTests/KitTests-Prefix.pch";
				GCC_VERSION = com.apple.compilers.llvm.clang.1_0;
				GCC_WARN_ABOUT_RETURN_TYPE = YES;
				GCC_WARN_UNUSED_VARIABLE = YES;
				INFOPLIST_FILE = "KitTests/KitTests-Info.plist";
				IPHONEOS_DEPLOYMENT_TARGET = 4.3;
				OTHER_LDFLAGS = (
					"-framework",
					SenTestingKit,
				);
				PRODUCT_NAME = "$(TARGET_NAME)";
				WRAPPER_EXTENSION = octest;
			};
			name = Release;
		};
		D264364F1354B45B006C7A08 /* Debug */ = {
			isa = XCBuildConfiguration;
			buildSettings = {
				ALWAYS_SEARCH_USER_PATHS = NO;
				"CODE_SIGN_IDENTITY[sdk=iphoneos*]" = "iPhone Developer";
				COPY_PHASE_STRIP = NO;
				FRAMEWORK_SEARCH_PATHS = (
					"$(inherited)",
					"\"$(SRCROOT)/../../../../../Library/Frameworks\"",
					"$(SDKROOT)/Developer/Library/Frameworks",
					"$(DEVELOPER_LIBRARY_DIR)/Frameworks",
					"\"$(SRCROOT)/../../../Library/Frameworks\"",
				);
				GCC_C_LANGUAGE_STANDARD = gnu99;
				GCC_DYNAMIC_NO_PIC = NO;
				GCC_OPTIMIZATION_LEVEL = 0;
				GCC_PRECOMPILE_PREFIX_HEADER = YES;
				GCC_PREFIX_HEADER = "GHTester/GHTester-Prefix.pch";
				GCC_PREPROCESSOR_DEFINITIONS = DEBUG;
				GCC_SYMBOLS_PRIVATE_EXTERN = NO;
				GCC_VERSION = com.apple.compilers.llvm.clang.1_0;
				GCC_WARN_ABOUT_RETURN_TYPE = YES;
				GCC_WARN_UNUSED_VARIABLE = YES;
				INFOPLIST_FILE = "GHTester/GHTester-Info.plist";
				IPHONEOS_DEPLOYMENT_TARGET = 4.3;
				OTHER_LDFLAGS = (
					"-ObjC",
					"-all_load",
					"-framework",
					SenTestingKit,
				);
				PRODUCT_NAME = "$(TARGET_NAME)";
				WRAPPER_EXTENSION = app;
			};
			name = Debug;
		};
		D26436501354B45B006C7A08 /* Release */ = {
			isa = XCBuildConfiguration;
			buildSettings = {
				ALWAYS_SEARCH_USER_PATHS = NO;
				"CODE_SIGN_IDENTITY[sdk=iphoneos*]" = "iPhone Developer";
				COPY_PHASE_STRIP = YES;
				FRAMEWORK_SEARCH_PATHS = (
					"$(inherited)",
					"\"$(SRCROOT)/../../../../../Library/Frameworks\"",
					"$(SDKROOT)/Developer/Library/Frameworks",
					"$(DEVELOPER_LIBRARY_DIR)/Frameworks",
					"\"$(SRCROOT)/../../../Library/Frameworks\"",
				);
				GCC_C_LANGUAGE_STANDARD = gnu99;
				GCC_PRECOMPILE_PREFIX_HEADER = YES;
				GCC_PREFIX_HEADER = "GHTester/GHTester-Prefix.pch";
				GCC_VERSION = com.apple.compilers.llvm.clang.1_0;
				GCC_WARN_ABOUT_RETURN_TYPE = YES;
				GCC_WARN_UNUSED_VARIABLE = YES;
				INFOPLIST_FILE = "GHTester/GHTester-Info.plist";
				IPHONEOS_DEPLOYMENT_TARGET = 4.3;
				OTHER_CFLAGS = "-DNS_BLOCK_ASSERTIONS=1";
				OTHER_LDFLAGS = (
					"-ObjC",
					"-all_load",
					"-framework",
					SenTestingKit,
				);
				PRODUCT_NAME = "$(TARGET_NAME)";
				VALIDATE_PRODUCT = YES;
				WRAPPER_EXTENSION = app;
			};
			name = Release;
		};
		D2DC0FA21428B1D7005D2F90 /* Debug */ = {
			isa = XCBuildConfiguration;
			buildSettings = {
				ALWAYS_SEARCH_USER_PATHS = NO;
				ARCHS = "$(ARCHS_STANDARD_64_BIT)";
				COPY_PHASE_STRIP = NO;
				GCC_C_LANGUAGE_STANDARD = gnu99;
				GCC_DYNAMIC_NO_PIC = NO;
				GCC_ENABLE_OBJC_EXCEPTIONS = YES;
				GCC_OPTIMIZATION_LEVEL = 0;
				GCC_PRECOMPILE_PREFIX_HEADER = YES;
				GCC_PREFIX_HEADER = "MacRunner/MacRunner-Prefix.pch";
				GCC_PREPROCESSOR_DEFINITIONS = (
					STRING_UNIT_TEST,
					"DEBUG=1",
					"$(inherited)",
				);
				GCC_SYMBOLS_PRIVATE_EXTERN = NO;
				GCC_VERSION = com.apple.compilers.llvm.clang.1_0;
				GCC_WARN_64_TO_32_BIT_CONVERSION = YES;
				GCC_WARN_ABOUT_MISSING_PROTOTYPES = YES;
				GCC_WARN_ABOUT_RETURN_TYPE = YES;
				GCC_WARN_UNUSED_VARIABLE = YES;
				INFOPLIST_FILE = "MacRunner/MacRunner-Info.plist";
				MACOSX_DEPLOYMENT_TARGET = 10.7;
				ONLY_ACTIVE_ARCH = YES;
				PRODUCT_NAME = "$(TARGET_NAME)";
				WRAPPER_EXTENSION = app;
			};
			name = Debug;
		};
		D2DC0FA31428B1D7005D2F90 /* Release */ = {
			isa = XCBuildConfiguration;
			buildSettings = {
				ALWAYS_SEARCH_USER_PATHS = NO;
				ARCHS = "$(ARCHS_STANDARD_64_BIT)";
				COPY_PHASE_STRIP = YES;
				DEBUG_INFORMATION_FORMAT = "dwarf-with-dsym";
				GCC_C_LANGUAGE_STANDARD = gnu99;
				GCC_ENABLE_OBJC_EXCEPTIONS = YES;
				GCC_PRECOMPILE_PREFIX_HEADER = YES;
				GCC_PREFIX_HEADER = "MacRunner/MacRunner-Prefix.pch";
				GCC_VERSION = com.apple.compilers.llvm.clang.1_0;
				GCC_WARN_64_TO_32_BIT_CONVERSION = YES;
				GCC_WARN_ABOUT_MISSING_PROTOTYPES = YES;
				GCC_WARN_ABOUT_RETURN_TYPE = YES;
				GCC_WARN_UNUSED_VARIABLE = YES;
				INFOPLIST_FILE = "MacRunner/MacRunner-Info.plist";
				MACOSX_DEPLOYMENT_TARGET = 10.7;
				PRODUCT_NAME = "$(TARGET_NAME)";
				WRAPPER_EXTENSION = app;
			};
			name = Release;
		};
		D2DC0FA51428B1D7005D2F90 /* Debug */ = {
			isa = XCBuildConfiguration;
			buildSettings = {
				ALWAYS_SEARCH_USER_PATHS = NO;
				ARCHS = "$(ARCHS_STANDARD_64_BIT)";
				BUNDLE_LOADER = "$(BUILT_PRODUCTS_DIR)/MacKit.app/Contents/MacOS/MacKit";
				COPY_PHASE_STRIP = NO;
				FRAMEWORK_SEARCH_PATHS = "$(DEVELOPER_LIBRARY_DIR)/Frameworks";
				GCC_C_LANGUAGE_STANDARD = gnu99;
				GCC_DYNAMIC_NO_PIC = NO;
				GCC_ENABLE_OBJC_EXCEPTIONS = YES;
				GCC_OPTIMIZATION_LEVEL = 0;
				GCC_PRECOMPILE_PREFIX_HEADER = YES;
				GCC_PREFIX_HEADER = "MacRunner/MacRunner-Prefix.pch";
				GCC_PREPROCESSOR_DEFINITIONS = (
					"DEBUG=1",
					"$(inherited)",
				);
				GCC_SYMBOLS_PRIVATE_EXTERN = NO;
				GCC_VERSION = com.apple.compilers.llvm.clang.1_0;
				GCC_WARN_64_TO_32_BIT_CONVERSION = YES;
				GCC_WARN_ABOUT_MISSING_PROTOTYPES = YES;
				GCC_WARN_ABOUT_RETURN_TYPE = YES;
				GCC_WARN_UNUSED_VARIABLE = YES;
				INFOPLIST_FILE = "MacRunnerTests/MacRunnerTests-Info.plist";
				MACOSX_DEPLOYMENT_TARGET = 10.7;
				ONLY_ACTIVE_ARCH = YES;
				PRODUCT_NAME = "$(TARGET_NAME)";
				TEST_HOST = "$(BUNDLE_LOADER)";
				WRAPPER_EXTENSION = octest;
			};
			name = Debug;
		};
		D2DC0FA61428B1D7005D2F90 /* Release */ = {
			isa = XCBuildConfiguration;
			buildSettings = {
				ALWAYS_SEARCH_USER_PATHS = NO;
				ARCHS = "$(ARCHS_STANDARD_64_BIT)";
				BUNDLE_LOADER = "$(BUILT_PRODUCTS_DIR)/MacKit.app/Contents/MacOS/MacKit";
				COPY_PHASE_STRIP = YES;
				DEBUG_INFORMATION_FORMAT = "dwarf-with-dsym";
				FRAMEWORK_SEARCH_PATHS = "$(DEVELOPER_LIBRARY_DIR)/Frameworks";
				GCC_C_LANGUAGE_STANDARD = gnu99;
				GCC_ENABLE_OBJC_EXCEPTIONS = YES;
				GCC_PRECOMPILE_PREFIX_HEADER = YES;
				GCC_PREFIX_HEADER = "MacRunner/MacRunner-Prefix.pch";
				GCC_VERSION = com.apple.compilers.llvm.clang.1_0;
				GCC_WARN_64_TO_32_BIT_CONVERSION = YES;
				GCC_WARN_ABOUT_MISSING_PROTOTYPES = YES;
				GCC_WARN_ABOUT_RETURN_TYPE = YES;
				GCC_WARN_UNUSED_VARIABLE = YES;
				INFOPLIST_FILE = "MacRunnerTests/MacRunnerTests-Info.plist";
				MACOSX_DEPLOYMENT_TARGET = 10.7;
				PRODUCT_NAME = "$(TARGET_NAME)";
				TEST_HOST = "$(BUNDLE_LOADER)";
				WRAPPER_EXTENSION = octest;
			};
			name = Release;
		};
/* End XCBuildConfiguration section */

/* Begin XCConfigurationList section */
		D257E250134F66E8000F2C16 /* Build configuration list for PBXProject "LKKit" */ = {
			isa = XCConfigurationList;
			buildConfigurations = (
				D257E252134F66E8000F2C16 /* Debug */,
				D257E253134F66E8000F2C16 /* Release */,
			);
			defaultConfigurationIsVisible = 0;
			defaultConfigurationName = Release;
		};
		D257E271134F675A000F2C16 /* Build configuration list for PBXNativeTarget "KitTests" */ = {
			isa = XCConfigurationList;
			buildConfigurations = (
				D257E272134F675A000F2C16 /* Debug */,
				D257E273134F675A000F2C16 /* Release */,
			);
			defaultConfigurationIsVisible = 0;
			defaultConfigurationName = Release;
		};
		D264364E1354B45B006C7A08 /* Build configuration list for PBXNativeTarget "GHTester" */ = {
			isa = XCConfigurationList;
			buildConfigurations = (
				D264364F1354B45B006C7A08 /* Debug */,
				D26436501354B45B006C7A08 /* Release */,
			);
			defaultConfigurationIsVisible = 0;
			defaultConfigurationName = Release;
		};
		D2DC0FA11428B1D7005D2F90 /* Build configuration list for PBXNativeTarget "MacKit" */ = {
			isa = XCConfigurationList;
			buildConfigurations = (
				D2DC0FA21428B1D7005D2F90 /* Debug */,
				D2DC0FA31428B1D7005D2F90 /* Release */,
			);
			defaultConfigurationIsVisible = 0;
			defaultConfigurationName = Release;
		};
		D2DC0FA41428B1D7005D2F90 /* Build configuration list for PBXNativeTarget "MacKitTests" */ = {
			isa = XCConfigurationList;
			buildConfigurations = (
				D2DC0FA51428B1D7005D2F90 /* Debug */,
				D2DC0FA61428B1D7005D2F90 /* Release */,
			);
			defaultConfigurationIsVisible = 0;
			defaultConfigurationName = Release;
		};
/* End XCConfigurationList section */
	};
	rootObject = D257E24D134F66E8000F2C16 /* Project object */;
}
